
Microsoft Visual Studio Solution File, Format Version 12.00
# Visual Studio Version 16
VisualStudioVersion = 16.0.30011.22
MinimumVisualStudioVersion = 10.0.40219.1
Project("{FAE04EC0-301F-11D3-BF4B-00C04F79EFBC}") = "HaceauStudentInfoManagementSystem", "HaceauStudentInfoManagementSystem\HaceauStudentInfoManagementSystem.csproj", "{9261AC4F-1D3B-4C3C-AF93-E9E9C48CFF86}"
EndProject
Global
	GlobalSection(SolutionConfigurationPlatforms) = preSolution
		Debug|Any CPU = Debug|Any CPU
		Release|Any CPU = Release|Any CPU
	EndGlobalSection
	GlobalSection(ProjectConfigurationPlatforms) = postSolution
		{9261AC4F-1D3B-4C3C-AF93-E9E9C48CFF86}.Debug|Any CPU.ActiveCfg = Debug|Any CPU
		{9261AC4F-1D3B-4C3C-AF93-E9E9C48CFF86}.Debug|Any CPU.Build.0 = Debug|Any CPU
		{9261AC4F-1D3B-4C3C-AF93-E9E9C48CFF86}.Release|Any CPU.ActiveCfg = Release|Any CPU
		{9261AC4F-1D3B-4C3C-AF93-E9E9C48CFF86}.Release|Any CPU.Build.0 = Release|Any CPU
	EndGlobalSection
	GlobalSection(SolutionProperties) = preSolution
		HideSolutionNode = FALSE
	EndGlobalSection
	GlobalSection(ExtensibilityGlobals) = postSolution
		SolutionGuid = {D72C72AE-A76A-4CC9-9B73-6FD5AF2208F9}
	EndGlobalSection
EndGlobal
